
Microsoft Visual Studio Solution File, Format Version 12.00
# Visual Studio 15
VisualStudioVersion = 15.0.27130.2024
MinimumVisualStudioVersion = 10.0.40219.1
Project("{FAE04EC0-301F-11D3-BF4B-00C04F79EFBC}") = "SoftFin.Web", "SoftFin.Web\SoftFin.Web.csproj", "{1E9468EC-DB22-4E1E-9C04-5CBB61D9C5D2}"
EndProject
Project("{FAE04EC0-301F-11D3-BF4B-00C04F79EFBC}") = "SoftFin.Utils", "Projetos\SoftFin.Utils\SoftFin.Utils.csproj", "{848D86AE-E105-4269-AECD-C43D71C1A340}"
EndProject
Project("{FAE04EC0-301F-11D3-BF4B-00C04F79EFBC}") = "SoftFin.NFSe.PrefeituraSaoPaulo", "Projetos\NfesEnterface\SoftFin.NFSe.PrefeituraSaoPaulo.csproj", "{37358746-E2BF-4D40-80C8-424EB996789C}"
EndProject
Project("{FAE04EC0-301F-11D3-BF4B-00C04F79EFBC}") = "SoftFin.Adianta", "Projetos\SoftFin.Adianta\SoftFin.Adianta.csproj", "{B1BEB87A-50AB-475E-9930-6DF928408937}"
EndProject
Project("{FAE04EC0-301F-11D3-BF4B-00C04F79EFBC}") = "SoftFin.Adianta.Testes", "Projetos\SoftFin.Adianta.Testes\SoftFin.Adianta.Testes.csproj", "{56E594D3-CD3F-4E35-BC4D-CC4CEE7740C8}"
EndProject
Project("{FAE04EC0-301F-11D3-BF4B-00C04F79EFBC}") = "SoftFin.Cognitive", "Projetos\SoftFin.Cognitive\SoftFin.Cognitive.csproj", "{D201B55A-C5CA-42E4-8073-A253AF5EBFF8}"
EndProject
Project("{FAE04EC0-301F-11D3-BF4B-00C04F79EFBC}") = "SoftFin.NFe.Business", "Projetos\SoftFin.NFe.Business\SoftFin.NFe.Business.csproj", "{B2ADAF91-175C-4C7C-B4AD-D5C0C3110196}"
EndProject
Project("{FAE04EC0-301F-11D3-BF4B-00C04F79EFBC}") = "SoftFin.NFe.DTO", "Projetos\SoftFin.NFe.DTO\SoftFin.NFe.DTO.csproj", "{B7CE9A82-D516-472F-87E8-0F09785C05FA}"
EndProject
Project("{FAE04EC0-301F-11D3-BF4B-00C04F79EFBC}") = "SoftFin.NFSe.Business", "Projetos\SoftFin.NFSe.Bus\SoftFin.NFSe.Business.csproj", "{911A8E2B-92DE-4D1F-A200-31DFC4DE239C}"
EndProject
Project("{FAE04EC0-301F-11D3-BF4B-00C04F79EFBC}") = "SoftFin.NFSe.DTO", "Projetos\SoftFin.NFSe.DTO\SoftFin.NFSe.DTO.csproj", "{7E7F1F65-DDAB-4E43-89F3-8F810493D880}"
EndProject
Project("{FAE04EC0-301F-11D3-BF4B-00C04F79EFBC}") = "SoftFin.NFSe.Guarulhos", "Projetos\SoftFin.NFSe.Guarulhos\SoftFin.NFSe.Guarulhos.csproj", "{1CB44C4F-69B1-452E-9789-D3CFB30E17D4}"
EndProject
Project("{FAE04EC0-301F-11D3-BF4B-00C04F79EFBC}") = "SoftFin.Sefaz", "Projetos\SoftFin.SefazSP\SoftFin.Sefaz.csproj", "{DBE3DED7-65F3-4115-B357-F8AB63BD061D}"
EndProject
Project("{FAE04EC0-301F-11D3-BF4B-00C04F79EFBC}") = "SoftFin.Vindi", "Projetos\Softfin.Vindi\SoftFin.Vindi.csproj", "{52BA9901-B1DA-43DC-A23B-B22165E6CD4F}"
EndProject
Project("{FAE04EC0-301F-11D3-BF4B-00C04F79EFBC}") = "SoftFin.Vindi.Testes", "Projetos\SoftFin.Vindi.Testes\SoftFin.Vindi.Testes.csproj", "{9FCDE859-4212-4C7E-9835-1713B416F99E}"
EndProject
Project("{FAE04EC0-301F-11D3-BF4B-00C04F79EFBC}") = "SoftFin.API", "Projetos\SoftFin.API\SoftFin.API.csproj", "{B1176515-137B-4B4F-93F1-4E298C6D56D9}"
EndProject
Project("{FAE04EC0-301F-11D3-BF4B-00C04F79EFBC}") = "SoftFin.GestorProcessos", "Projetos\SoftFin.GestorProcessos\SoftFin.GestorProcessos.csproj", "{FDEC1925-9663-48F4-9A16-74F2F052AE58}"
EndProject
Project("{FAE04EC0-301F-11D3-BF4B-00C04F79EFBC}") = "SoftFin.GestorProcessos.Comum", "Projetos\SoftFin.GestorProcessos.Comum\SoftFin.GestorProcessos.Comum.csproj", "{8E621A74-237A-439A-8D1A-111BDC4CC805}"
EndProject
Project("{FAE04EC0-301F-11D3-BF4B-00C04F79EFBC}") = "SoftFin.POC.ConforLab", "Projetos\SoftFin.POC.ConforLab\SoftFin.POC.ConforLab.csproj", "{5FFCC0A9-9BD1-4FBA-8907-9A8A68DBB6DD}"
EndProject
Project("{FAE04EC0-301F-11D3-BF4B-00C04F79EFBC}") = "Boleto.Net", "Boleto\Boleto.Net\Boleto.Net.csproj", "{F173E80B-E36B-48AD-B483-A27F8CA86F3C}"
EndProject
Project("{FAE04EC0-301F-11D3-BF4B-00C04F79EFBC}") = "SoftFin.MyLIMS.Integracao", "Projetos\SoftFin.MyLIMS.Integracao\SoftFin.MyLIMS.Integracao.csproj", "{F1259344-1A0C-4B0D-9781-398C3AA6AA2C}"
EndProject
Project("{FAE04EC0-301F-11D3-BF4B-00C04F79EFBC}") = "SoftFin.MyLIMS.Integracao.Tests", "SoftFin.MyLIMS.Integracao.Tests\SoftFin.MyLIMS.Integracao.Tests.csproj", "{DB10CDD7-0A10-4CE2-946E-9EA573EE0210}"
EndProject
Project("{FAE04EC0-301F-11D3-BF4B-00C04F79EFBC}") = "SoftFin.API.DTO", "Projetos\SoftFin.API.DTO\SoftFin.API.DTO.csproj", "{C4DA6D88-D40D-4C49-B5BF-0B479424A3B3}"
EndProject
Project("{FAE04EC0-301F-11D3-BF4B-00C04F79EFBC}") = "SoftFin.Infrastructure", "SoftFin.Infrastructure\SoftFin.Infrastructure.csproj", "{7D165481-28C7-4593-B105-5583BC228803}"
EndProject
Project("{FAE04EC0-301F-11D3-BF4B-00C04F79EFBC}") = "SoftFin.Infrastructure.Comum", "Projetos\SoftFin.Infrastructure.Comum\SoftFin.Infrastructure.Comum.csproj", "{0B3A541A-F267-400C-AFC2-3C0E907723FE}"
EndProject
Project("{FAE04EC0-301F-11D3-BF4B-00C04F79EFBC}") = "SoftFin.Migrate.NFSe.DTO", "Projetos\SoftFin.Migrate.NFSe.DTO\SoftFin.Migrate.NFSe.DTO.csproj", "{136E6647-B4A0-489D-8E50-D05D7A362E14}"
EndProject
Project("{FAE04EC0-301F-11D3-BF4B-00C04F79EFBC}") = "SoftFin.Migrate.NFSe.WebService", "Projetos\SoftFin.Migrate.NFSe.WebService\SoftFin.Migrate.NFSe.WebService.csproj", "{668E9ADB-E35A-4330-9740-7A89691A303E}"
EndProject
Project("{FAE04EC0-301F-11D3-BF4B-00C04F79EFBC}") = "SoftFin.Migrate.NFSe.Business", "Projetos\SoftFin.Migrate.NFSe.Business\SoftFin.Migrate.NFSe.Business.csproj", "{DD0FD094-E1FB-4884-ACFB-9F8E808C3980}"
EndProject
Project("{FAE04EC0-301F-11D3-BF4B-00C04F79EFBC}") = "SoftFin.Migrate.NFe.Business", "Projetos\SoftFin.Migrate.NFe.Business\SoftFin.Migrate.NFe.Business.csproj", "{B605BD21-528B-494A-A5E6-2DC7D533A9A9}"
EndProject
Project("{FAE04EC0-301F-11D3-BF4B-00C04F79EFBC}") = "SoftFin.Migrate.NFe.DTO", "Projetos\SoftFin.Migrate.NFe.DTO\SoftFin.Migrate.NFe.DTO.csproj", "{69F756EE-5CC7-45D8-B9AC-300F2C67D3EE}"
EndProject
Project("{FAE04EC0-301F-11D3-BF4B-00C04F79EFBC}") = "SoftFin.Migrate.NFe.WebService", "Projetos\SoftFin.Migrate.NFe.WebService\SoftFin.Migrate.NFe.WebService.csproj", "{A45FC532-E8DA-4A9B-B8AA-43D705FD86F3}"
EndProject
Global
	GlobalSection(SolutionConfigurationPlatforms) = preSolution
		Debug|Any CPU = Debug|Any CPU
		Debug|ARM = Debug|ARM
		Debug|x64 = Debug|x64
		Debug|x86 = Debug|x86
		Release|Any CPU = Release|Any CPU
		Release|ARM = Release|ARM
		Release|x64 = Release|x64
		Release|x86 = Release|x86
	EndGlobalSection
	GlobalSection(ProjectConfigurationPlatforms) = postSolution
		{1E9468EC-DB22-4E1E-9C04-5CBB61D9C5D2}.Debug|Any CPU.ActiveCfg = Debug|Any CPU
		{1E9468EC-DB22-4E1E-9C04-5CBB61D9C5D2}.Debug|Any CPU.Build.0 = Debug|Any CPU
		{1E9468EC-DB22-4E1E-9C04-5CBB61D9C5D2}.Debug|ARM.ActiveCfg = Debug|Any CPU
		{1E9468EC-DB22-4E1E-9C04-5CBB61D9C5D2}.Debug|ARM.Build.0 = Debug|Any CPU
		{1E9468EC-DB22-4E1E-9C04-5CBB61D9C5D2}.Debug|x64.ActiveCfg = Debug|Any CPU
		{1E9468EC-DB22-4E1E-9C04-5CBB61D9C5D2}.Debug|x64.Build.0 = Debug|Any CPU
		{1E9468EC-DB22-4E1E-9C04-5CBB61D9C5D2}.Debug|x86.ActiveCfg = Debug|Any CPU
		{1E9468EC-DB22-4E1E-9C04-5CBB61D9C5D2}.Debug|x86.Build.0 = Debug|Any CPU
		{1E9468EC-DB22-4E1E-9C04-5CBB61D9C5D2}.Release|Any CPU.ActiveCfg = Release|Any CPU
		{1E9468EC-DB22-4E1E-9C04-5CBB61D9C5D2}.Release|Any CPU.Build.0 = Release|Any CPU
		{1E9468EC-DB22-4E1E-9C04-5CBB61D9C5D2}.Release|ARM.ActiveCfg = Release|Any CPU
		{1E9468EC-DB22-4E1E-9C04-5CBB61D9C5D2}.Release|ARM.Build.0 = Release|Any CPU
		{1E9468EC-DB22-4E1E-9C04-5CBB61D9C5D2}.Release|x64.ActiveCfg = Release|Any CPU
		{1E9468EC-DB22-4E1E-9C04-5CBB61D9C5D2}.Release|x64.Build.0 = Release|Any CPU
		{1E9468EC-DB22-4E1E-9C04-5CBB61D9C5D2}.Release|x86.ActiveCfg = Release|Any CPU
		{1E9468EC-DB22-4E1E-9C04-5CBB61D9C5D2}.Release|x86.Build.0 = Release|Any CPU
		{848D86AE-E105-4269-AECD-C43D71C1A340}.Debug|Any CPU.ActiveCfg = Debug|Any CPU
		{848D86AE-E105-4269-AECD-C43D71C1A340}.Debug|Any CPU.Build.0 = Debug|Any CPU
		{848D86AE-E105-4269-AECD-C43D71C1A340}.Debug|ARM.ActiveCfg = Debug|Any CPU
		{848D86AE-E105-4269-AECD-C43D71C1A340}.Debug|ARM.Build.0 = Debug|Any CPU
		{848D86AE-E105-4269-AECD-C43D71C1A340}.Debug|x64.ActiveCfg = Debug|Any CPU
		{848D86AE-E105-4269-AECD-C43D71C1A340}.Debug|x64.Build.0 = Debug|Any CPU
		{848D86AE-E105-4269-AECD-C43D71C1A340}.Debug|x86.ActiveCfg = Debug|Any CPU
		{848D86AE-E105-4269-AECD-C43D71C1A340}.Debug|x86.Build.0 = Debug|Any CPU
		{848D86AE-E105-4269-AECD-C43D71C1A340}.Release|Any CPU.ActiveCfg = Release|Any CPU
		{848D86AE-E105-4269-AECD-C43D71C1A340}.Release|Any CPU.Build.0 = Release|Any CPU
		{848D86AE-E105-4269-AECD-C43D71C1A340}.Release|ARM.ActiveCfg = Release|Any CPU
		{848D86AE-E105-4269-AECD-C43D71C1A340}.Release|ARM.Build.0 = Release|Any CPU
		{848D86AE-E105-4269-AECD-C43D71C1A340}.Release|x64.ActiveCfg = Release|Any CPU
		{848D86AE-E105-4269-AECD-C43D71C1A340}.Release|x64.Build.0 = Release|Any CPU
		{848D86AE-E105-4269-AECD-C43D71C1A340}.Release|x86.ActiveCfg = Release|Any CPU
		{848D86AE-E105-4269-AECD-C43D71C1A340}.Release|x86.Build.0 = Release|Any CPU
		{37358746-E2BF-4D40-80C8-424EB996789C}.Debug|Any CPU.ActiveCfg = Debug|Any CPU
		{37358746-E2BF-4D40-80C8-424EB996789C}.Debug|Any CPU.Build.0 = Debug|Any CPU
		{37358746-E2BF-4D40-80C8-424EB996789C}.Debug|ARM.ActiveCfg = Debug|Any CPU
		{37358746-E2BF-4D40-80C8-424EB996789C}.Debug|ARM.Build.0 = Debug|Any CPU
		{37358746-E2BF-4D40-80C8-424EB996789C}.Debug|x64.ActiveCfg = Debug|Any CPU
		{37358746-E2BF-4D40-80C8-424EB996789C}.Debug|x64.Build.0 = Debug|Any CPU
		{37358746-E2BF-4D40-80C8-424EB996789C}.Debug|x86.ActiveCfg = Debug|Any CPU
		{37358746-E2BF-4D40-80C8-424EB996789C}.Debug|x86.Build.0 = Debug|Any CPU
		{37358746-E2BF-4D40-80C8-424EB996789C}.Release|Any CPU.ActiveCfg = Release|Any CPU
		{37358746-E2BF-4D40-80C8-424EB996789C}.Release|Any CPU.Build.0 = Release|Any CPU
		{37358746-E2BF-4D40-80C8-424EB996789C}.Release|ARM.ActiveCfg = Release|Any CPU
		{37358746-E2BF-4D40-80C8-424EB996789C}.Release|ARM.Build.0 = Release|Any CPU
		{37358746-E2BF-4D40-80C8-424EB996789C}.Release|x64.ActiveCfg = Release|Any CPU
		{37358746-E2BF-4D40-80C8-424EB996789C}.Release|x64.Build.0 = Release|Any CPU
		{37358746-E2BF-4D40-80C8-424EB996789C}.Release|x86.ActiveCfg = Release|Any CPU
		{37358746-E2BF-4D40-80C8-424EB996789C}.Release|x86.Build.0 = Release|Any CPU
		{B1BEB87A-50AB-475E-9930-6DF928408937}.Debug|Any CPU.ActiveCfg = Debug|Any CPU
		{B1BEB87A-50AB-475E-9930-6DF928408937}.Debug|Any CPU.Build.0 = Debug|Any CPU
		{B1BEB87A-50AB-475E-9930-6DF928408937}.Debug|ARM.ActiveCfg = Debug|Any CPU
		{B1BEB87A-50AB-475E-9930-6DF928408937}.Debug|ARM.Build.0 = Debug|Any CPU
		{B1BEB87A-50AB-475E-9930-6DF928408937}.Debug|x64.ActiveCfg = Debug|Any CPU
		{B1BEB87A-50AB-475E-9930-6DF928408937}.Debug|x64.Build.0 = Debug|Any CPU
		{B1BEB87A-50AB-475E-9930-6DF928408937}.Debug|x86.ActiveCfg = Debug|Any CPU
		{B1BEB87A-50AB-475E-9930-6DF928408937}.Debug|x86.Build.0 = Debug|Any CPU
		{B1BEB87A-50AB-475E-9930-6DF928408937}.Release|Any CPU.ActiveCfg = Release|Any CPU
		{B1BEB87A-50AB-475E-9930-6DF928408937}.Release|Any CPU.Build.0 = Release|Any CPU
		{B1BEB87A-50AB-475E-9930-6DF928408937}.Release|ARM.ActiveCfg = Release|Any CPU
		{B1BEB87A-50AB-475E-9930-6DF928408937}.Release|ARM.Build.0 = Release|Any CPU
		{B1BEB87A-50AB-475E-9930-6DF928408937}.Release|x64.ActiveCfg = Release|Any CPU
		{B1BEB87A-50AB-475E-9930-6DF928408937}.Release|x64.Build.0 = Release|Any CPU
		{B1BEB87A-50AB-475E-9930-6DF928408937}.Release|x86.ActiveCfg = Release|Any CPU
		{B1BEB87A-50AB-475E-9930-6DF928408937}.Release|x86.Build.0 = Release|Any CPU
		{56E594D3-CD3F-4E35-BC4D-CC4CEE7740C8}.Debug|Any CPU.ActiveCfg = Debug|Any CPU
		{56E594D3-CD3F-4E35-BC4D-CC4CEE7740C8}.Debug|Any CPU.Build.0 = Debug|Any CPU
		{56E594D3-CD3F-4E35-BC4D-CC4CEE7740C8}.Debug|ARM.ActiveCfg = Debug|Any CPU
		{56E594D3-CD3F-4E35-BC4D-CC4CEE7740C8}.Debug|ARM.Build.0 = Debug|Any CPU
		{56E594D3-CD3F-4E35-BC4D-CC4CEE7740C8}.Debug|x64.ActiveCfg = Debug|Any CPU
		{56E594D3-CD3F-4E35-BC4D-CC4CEE7740C8}.Debug|x64.Build.0 = Debug|Any CPU
		{56E594D3-CD3F-4E35-BC4D-CC4CEE7740C8}.Debug|x86.ActiveCfg = Debug|Any CPU
		{56E594D3-CD3F-4E35-BC4D-CC4CEE7740C8}.Debug|x86.Build.0 = Debug|Any CPU
		{56E594D3-CD3F-4E35-BC4D-CC4CEE7740C8}.Release|Any CPU.ActiveCfg = Release|Any CPU
		{56E594D3-CD3F-4E35-BC4D-CC4CEE7740C8}.Release|Any CPU.Build.0 = Release|Any CPU
		{56E594D3-CD3F-4E35-BC4D-CC4CEE7740C8}.Release|ARM.ActiveCfg = Release|Any CPU
		{56E594D3-CD3F-4E35-BC4D-CC4CEE7740C8}.Release|ARM.Build.0 = Release|Any CPU
		{56E594D3-CD3F-4E35-BC4D-CC4CEE7740C8}.Release|x64.ActiveCfg = Release|Any CPU
		{56E594D3-CD3F-4E35-BC4D-CC4CEE7740C8}.Release|x64.Build.0 = Release|Any CPU
		{56E594D3-CD3F-4E35-BC4D-CC4CEE7740C8}.Release|x86.ActiveCfg = Release|Any CPU
		{56E594D3-CD3F-4E35-BC4D-CC4CEE7740C8}.Release|x86.Build.0 = Release|Any CPU
		{D201B55A-C5CA-42E4-8073-A253AF5EBFF8}.Debug|Any CPU.ActiveCfg = Debug|Any CPU
		{D201B55A-C5CA-42E4-8073-A253AF5EBFF8}.Debug|Any CPU.Build.0 = Debug|Any CPU
		{D201B55A-C5CA-42E4-8073-A253AF5EBFF8}.Debug|ARM.ActiveCfg = Debug|Any CPU
		{D201B55A-C5CA-42E4-8073-A253AF5EBFF8}.Debug|ARM.Build.0 = Debug|Any CPU
		{D201B55A-C5CA-42E4-8073-A253AF5EBFF8}.Debug|x64.ActiveCfg = Debug|Any CPU
		{D201B55A-C5CA-42E4-8073-A253AF5EBFF8}.Debug|x64.Build.0 = Debug|Any CPU
		{D201B55A-C5CA-42E4-8073-A253AF5EBFF8}.Debug|x86.ActiveCfg = Debug|Any CPU
		{D201B55A-C5CA-42E4-8073-A253AF5EBFF8}.Debug|x86.Build.0 = Debug|Any CPU
		{D201B55A-C5CA-42E4-8073-A253AF5EBFF8}.Release|Any CPU.ActiveCfg = Release|Any CPU
		{D201B55A-C5CA-42E4-8073-A253AF5EBFF8}.Release|Any CPU.Build.0 = Release|Any CPU
		{D201B55A-C5CA-42E4-8073-A253AF5EBFF8}.Release|ARM.ActiveCfg = Release|Any CPU
		{D201B55A-C5CA-42E4-8073-A253AF5EBFF8}.Release|ARM.Build.0 = Release|Any CPU
		{D201B55A-C5CA-42E4-8073-A253AF5EBFF8}.Release|x64.ActiveCfg = Release|Any CPU
		{D201B55A-C5CA-42E4-8073-A253AF5EBFF8}.Release|x64.Build.0 = Release|Any CPU
		{D201B55A-C5CA-42E4-8073-A253AF5EBFF8}.Release|x86.ActiveCfg = Release|Any CPU
		{D201B55A-C5CA-42E4-8073-A253AF5EBFF8}.Release|x86.Build.0 = Release|Any CPU
		{B2ADAF91-175C-4C7C-B4AD-D5C0C3110196}.Debug|Any CPU.ActiveCfg = Debug|Any CPU
		{B2ADAF91-175C-4C7C-B4AD-D5C0C3110196}.Debug|Any CPU.Build.0 = Debug|Any CPU
		{B2ADAF91-175C-4C7C-B4AD-D5C0C3110196}.Debug|ARM.ActiveCfg = Debug|Any CPU
		{B2ADAF91-175C-4C7C-B4AD-D5C0C3110196}.Debug|ARM.Build.0 = Debug|Any CPU
		{B2ADAF91-175C-4C7C-B4AD-D5C0C3110196}.Debug|x64.ActiveCfg = Debug|Any CPU
		{B2ADAF91-175C-4C7C-B4AD-D5C0C3110196}.Debug|x64.Build.0 = Debug|Any CPU
		{B2ADAF91-175C-4C7C-B4AD-D5C0C3110196}.Debug|x86.ActiveCfg = Debug|Any CPU
		{B2ADAF91-175C-4C7C-B4AD-D5C0C3110196}.Debug|x86.Build.0 = Debug|Any CPU
		{B2ADAF91-175C-4C7C-B4AD-D5C0C3110196}.Release|Any CPU.ActiveCfg = Release|Any CPU
		{B2ADAF91-175C-4C7C-B4AD-D5C0C3110196}.Release|Any CPU.Build.0 = Release|Any CPU
		{B2ADAF91-175C-4C7C-B4AD-D5C0C3110196}.Release|ARM.ActiveCfg = Release|Any CPU
		{B2ADAF91-175C-4C7C-B4AD-D5C0C3110196}.Release|ARM.Build.0 = Release|Any CPU
		{B2ADAF91-175C-4C7C-B4AD-D5C0C3110196}.Release|x64.ActiveCfg = Release|Any CPU
		{B2ADAF91-175C-4C7C-B4AD-D5C0C3110196}.Release|x64.Build.0 = Release|Any CPU
		{B2ADAF91-175C-4C7C-B4AD-D5C0C3110196}.Release|x86.ActiveCfg = Release|Any CPU
		{B2ADAF91-175C-4C7C-B4AD-D5C0C3110196}.Release|x86.Build.0 = Release|Any CPU
		{B7CE9A82-D516-472F-87E8-0F09785C05FA}.Debug|Any CPU.ActiveCfg = Debug|Any CPU
		{B7CE9A82-D516-472F-87E8-0F09785C05FA}.Debug|Any CPU.Build.0 = Debug|Any CPU
		{B7CE9A82-D516-472F-87E8-0F09785C05FA}.Debug|ARM.ActiveCfg = Debug|Any CPU
		{B7CE9A82-D516-472F-87E8-0F09785C05FA}.Debug|ARM.Build.0 = Debug|Any CPU
		{B7CE9A82-D516-472F-87E8-0F09785C05FA}.Debug|x64.ActiveCfg = Debug|Any CPU
		{B7CE9A82-D516-472F-87E8-0F09785C05FA}.Debug|x64.Build.0 = Debug|Any CPU
		{B7CE9A82-D516-472F-87E8-0F09785C05FA}.Debug|x86.ActiveCfg = Debug|Any CPU
		{B7CE9A82-D516-472F-87E8-0F09785C05FA}.Debug|x86.Build.0 = Debug|Any CPU
		{B7CE9A82-D516-472F-87E8-0F09785C05FA}.Release|Any CPU.ActiveCfg = Release|Any CPU
		{B7CE9A82-D516-472F-87E8-0F09785C05FA}.Release|Any CPU.Build.0 = Release|Any CPU
		{B7CE9A82-D516-472F-87E8-0F09785C05FA}.Release|ARM.ActiveCfg = Release|Any CPU
		{B7CE9A82-D516-472F-87E8-0F09785C05FA}.Release|ARM.Build.0 = Release|Any CPU
		{B7CE9A82-D516-472F-87E8-0F09785C05FA}.Release|x64.ActiveCfg = Release|Any CPU
		{B7CE9A82-D516-472F-87E8-0F09785C05FA}.Release|x64.Build.0 = Release|Any CPU
		{B7CE9A82-D516-472F-87E8-0F09785C05FA}.Release|x86.ActiveCfg = Release|Any CPU
		{B7CE9A82-D516-472F-87E8-0F09785C05FA}.Release|x86.Build.0 = Release|Any CPU
		{911A8E2B-92DE-4D1F-A200-31DFC4DE239C}.Debug|Any CPU.ActiveCfg = Debug|Any CPU
		{911A8E2B-92DE-4D1F-A200-31DFC4DE239C}.Debug|Any CPU.Build.0 = Debug|Any CPU
		{911A8E2B-92DE-4D1F-A200-31DFC4DE239C}.Debug|ARM.ActiveCfg = Debug|Any CPU
		{911A8E2B-92DE-4D1F-A200-31DFC4DE239C}.Debug|ARM.Build.0 = Debug|Any CPU
		{911A8E2B-92DE-4D1F-A200-31DFC4DE239C}.Debug|x64.ActiveCfg = Debug|Any CPU
		{911A8E2B-92DE-4D1F-A200-31DFC4DE239C}.Debug|x64.Build.0 = Debug|Any CPU
		{911A8E2B-92DE-4D1F-A200-31DFC4DE239C}.Debug|x86.ActiveCfg = Debug|Any CPU
		{911A8E2B-92DE-4D1F-A200-31DFC4DE239C}.Debug|x86.Build.0 = Debug|Any CPU
		{911A8E2B-92DE-4D1F-A200-31DFC4DE239C}.Release|Any CPU.ActiveCfg = Release|Any CPU
		{911A8E2B-92DE-4D1F-A200-31DFC4DE239C}.Release|Any CPU.Build.0 = Release|Any CPU
		{911A8E2B-92DE-4D1F-A200-31DFC4DE239C}.Release|ARM.ActiveCfg = Release|Any CPU
		{911A8E2B-92DE-4D1F-A200-31DFC4DE239C}.Release|ARM.Build.0 = Release|Any CPU
		{911A8E2B-92DE-4D1F-A200-31DFC4DE239C}.Release|x64.ActiveCfg = Release|Any CPU
		{911A8E2B-92DE-4D1F-A200-31DFC4DE239C}.Release|x64.Build.0 = Release|Any CPU
		{911A8E2B-92DE-4D1F-A200-31DFC4DE239C}.Release|x86.ActiveCfg = Release|Any CPU
		{911A8E2B-92DE-4D1F-A200-31DFC4DE239C}.Release|x86.Build.0 = Release|Any CPU
		{7E7F1F65-DDAB-4E43-89F3-8F810493D880}.Debug|Any CPU.ActiveCfg = Debug|Any CPU
		{7E7F1F65-DDAB-4E43-89F3-8F810493D880}.Debug|Any CPU.Build.0 = Debug|Any CPU
		{7E7F1F65-DDAB-4E43-89F3-8F810493D880}.Debug|ARM.ActiveCfg = Debug|Any CPU
		{7E7F1F65-DDAB-4E43-89F3-8F810493D880}.Debug|ARM.Build.0 = Debug|Any CPU
		{7E7F1F65-DDAB-4E43-89F3-8F810493D880}.Debug|x64.ActiveCfg = Debug|Any CPU
		{7E7F1F65-DDAB-4E43-89F3-8F810493D880}.Debug|x64.Build.0 = Debug|Any CPU
		{7E7F1F65-DDAB-4E43-89F3-8F810493D880}.Debug|x86.ActiveCfg = Debug|Any CPU
		{7E7F1F65-DDAB-4E43-89F3-8F810493D880}.Debug|x86.Build.0 = Debug|Any CPU
		{7E7F1F65-DDAB-4E43-89F3-8F810493D880}.Release|Any CPU.ActiveCfg = Release|Any CPU
		{7E7F1F65-DDAB-4E43-89F3-8F810493D880}.Release|Any CPU.Build.0 = Release|Any CPU
		{7E7F1F65-DDAB-4E43-89F3-8F810493D880}.Release|ARM.ActiveCfg = Release|Any CPU
		{7E7F1F65-DDAB-4E43-89F3-8F810493D880}.Release|ARM.Build.0 = Release|Any CPU
		{7E7F1F65-DDAB-4E43-89F3-8F810493D880}.Release|x64.ActiveCfg = Release|Any CPU
		{7E7F1F65-DDAB-4E43-89F3-8F810493D880}.Release|x64.Build.0 = Release|Any CPU
		{7E7F1F65-DDAB-4E43-89F3-8F810493D880}.Release|x86.ActiveCfg = Release|Any CPU
		{7E7F1F65-DDAB-4E43-89F3-8F810493D880}.Release|x86.Build.0 = Release|Any CPU
		{1CB44C4F-69B1-452E-9789-D3CFB30E17D4}.Debug|Any CPU.ActiveCfg = Debug|Any CPU
		{1CB44C4F-69B1-452E-9789-D3CFB30E17D4}.Debug|Any CPU.Build.0 = Debug|Any CPU
		{1CB44C4F-69B1-452E-9789-D3CFB30E17D4}.Debug|ARM.ActiveCfg = Debug|Any CPU
		{1CB44C4F-69B1-452E-9789-D3CFB30E17D4}.Debug|ARM.Build.0 = Debug|Any CPU
		{1CB44C4F-69B1-452E-9789-D3CFB30E17D4}.Debug|x64.ActiveCfg = Debug|Any CPU
		{1CB44C4F-69B1-452E-9789-D3CFB30E17D4}.Debug|x64.Build.0 = Debug|Any CPU
		{1CB44C4F-69B1-452E-9789-D3CFB30E17D4}.Debug|x86.ActiveCfg = Debug|Any CPU
		{1CB44C4F-69B1-452E-9789-D3CFB30E17D4}.Debug|x86.Build.0 = Debug|Any CPU
		{1CB44C4F-69B1-452E-9789-D3CFB30E17D4}.Release|Any CPU.ActiveCfg = Release|Any CPU
		{1CB44C4F-69B1-452E-9789-D3CFB30E17D4}.Release|Any CPU.Build.0 = Release|Any CPU
		{1CB44C4F-69B1-452E-9789-D3CFB30E17D4}.Release|ARM.ActiveCfg = Release|Any CPU
		{1CB44C4F-69B1-452E-9789-D3CFB30E17D4}.Release|ARM.Build.0 = Release|Any CPU
		{1CB44C4F-69B1-452E-9789-D3CFB30E17D4}.Release|x64.ActiveCfg = Release|Any CPU
		{1CB44C4F-69B1-452E-9789-D3CFB30E17D4}.Release|x64.Build.0 = Release|Any CPU
		{1CB44C4F-69B1-452E-9789-D3CFB30E17D4}.Release|x86.ActiveCfg = Release|Any CPU
		{1CB44C4F-69B1-452E-9789-D3CFB30E17D4}.Release|x86.Build.0 = Release|Any CPU
		{DBE3DED7-65F3-4115-B357-F8AB63BD061D}.Debug|Any CPU.ActiveCfg = Debug|Any CPU
		{DBE3DED7-65F3-4115-B357-F8AB63BD061D}.Debug|Any CPU.Build.0 = Debug|Any CPU
		{DBE3DED7-65F3-4115-B357-F8AB63BD061D}.Debug|ARM.ActiveCfg = Debug|Any CPU
		{DBE3DED7-65F3-4115-B357-F8AB63BD061D}.Debug|ARM.Build.0 = Debug|Any CPU
		{DBE3DED7-65F3-4115-B357-F8AB63BD061D}.Debug|x64.ActiveCfg = Debug|Any CPU
		{DBE3DED7-65F3-4115-B357-F8AB63BD061D}.Debug|x64.Build.0 = Debug|Any CPU
		{DBE3DED7-65F3-4115-B357-F8AB63BD061D}.Debug|x86.ActiveCfg = Debug|Any CPU
		{DBE3DED7-65F3-4115-B357-F8AB63BD061D}.Debug|x86.Build.0 = Debug|Any CPU
		{DBE3DED7-65F3-4115-B357-F8AB63BD061D}.Release|Any CPU.ActiveCfg = Release|Any CPU
		{DBE3DED7-65F3-4115-B357-F8AB63BD061D}.Release|Any CPU.Build.0 = Release|Any CPU
		{DBE3DED7-65F3-4115-B357-F8AB63BD061D}.Release|ARM.ActiveCfg = Release|Any CPU
		{DBE3DED7-65F3-4115-B357-F8AB63BD061D}.Release|ARM.Build.0 = Release|Any CPU
		{DBE3DED7-65F3-4115-B357-F8AB63BD061D}.Release|x64.ActiveCfg = Release|Any CPU
		{DBE3DED7-65F3-4115-B357-F8AB63BD061D}.Release|x64.Build.0 = Release|Any CPU
		{DBE3DED7-65F3-4115-B357-F8AB63BD061D}.Release|x86.ActiveCfg = Release|Any CPU
		{DBE3DED7-65F3-4115-B357-F8AB63BD061D}.Release|x86.Build.0 = Release|Any CPU
		{52BA9901-B1DA-43DC-A23B-B22165E6CD4F}.Debug|Any CPU.ActiveCfg = Debug|Any CPU
		{52BA9901-B1DA-43DC-A23B-B22165E6CD4F}.Debug|Any CPU.Build.0 = Debug|Any CPU
		{52BA9901-B1DA-43DC-A23B-B22165E6CD4F}.Debug|ARM.ActiveCfg = Debug|Any CPU
		{52BA9901-B1DA-43DC-A23B-B22165E6CD4F}.Debug|ARM.Build.0 = Debug|Any CPU
		{52BA9901-B1DA-43DC-A23B-B22165E6CD4F}.Debug|x64.ActiveCfg = Debug|Any CPU
		{52BA9901-B1DA-43DC-A23B-B22165E6CD4F}.Debug|x64.Build.0 = Debug|Any CPU
		{52BA9901-B1DA-43DC-A23B-B22165E6CD4F}.Debug|x86.ActiveCfg = Debug|Any CPU
		{52BA9901-B1DA-43DC-A23B-B22165E6CD4F}.Debug|x86.Build.0 = Debug|Any CPU
		{52BA9901-B1DA-43DC-A23B-B22165E6CD4F}.Release|Any CPU.ActiveCfg = Release|Any CPU
		{52BA9901-B1DA-43DC-A23B-B22165E6CD4F}.Release|Any CPU.Build.0 = Release|Any CPU
		{52BA9901-B1DA-43DC-A23B-B22165E6CD4F}.Release|ARM.ActiveCfg = Release|Any CPU
		{52BA9901-B1DA-43DC-A23B-B22165E6CD4F}.Release|ARM.Build.0 = Release|Any CPU
		{52BA9901-B1DA-43DC-A23B-B22165E6CD4F}.Release|x64.ActiveCfg = Release|Any CPU
		{52BA9901-B1DA-43DC-A23B-B22165E6CD4F}.Release|x64.Build.0 = Release|Any CPU
		{52BA9901-B1DA-43DC-A23B-B22165E6CD4F}.Release|x86.ActiveCfg = Release|Any CPU
		{52BA9901-B1DA-43DC-A23B-B22165E6CD4F}.Release|x86.Build.0 = Release|Any CPU
		{9FCDE859-4212-4C7E-9835-1713B416F99E}.Debug|Any CPU.ActiveCfg = Debug|Any CPU
		{9FCDE859-4212-4C7E-9835-1713B416F99E}.Debug|Any CPU.Build.0 = Debug|Any CPU
		{9FCDE859-4212-4C7E-9835-1713B416F99E}.Debug|ARM.ActiveCfg = Debug|Any CPU
		{9FCDE859-4212-4C7E-9835-1713B416F99E}.Debug|ARM.Build.0 = Debug|Any CPU
		{9FCDE859-4212-4C7E-9835-1713B416F99E}.Debug|x64.ActiveCfg = Debug|Any CPU
		{9FCDE859-4212-4C7E-9835-1713B416F99E}.Debug|x64.Build.0 = Debug|Any CPU
		{9FCDE859-4212-4C7E-9835-1713B416F99E}.Debug|x86.ActiveCfg = Debug|Any CPU
		{9FCDE859-4212-4C7E-9835-1713B416F99E}.Debug|x86.Build.0 = Debug|Any CPU
		{9FCDE859-4212-4C7E-9835-1713B416F99E}.Release|Any CPU.ActiveCfg = Release|Any CPU
		{9FCDE859-4212-4C7E-9835-1713B416F99E}.Release|Any CPU.Build.0 = Release|Any CPU
		{9FCDE859-4212-4C7E-9835-1713B416F99E}.Release|ARM.ActiveCfg = Release|Any CPU
		{9FCDE859-4212-4C7E-9835-1713B416F99E}.Release|ARM.Build.0 = Release|Any CPU
		{9FCDE859-4212-4C7E-9835-1713B416F99E}.Release|x64.ActiveCfg = Release|Any CPU
		{9FCDE859-4212-4C7E-9835-1713B416F99E}.Release|x64.Build.0 = Release|Any CPU
		{9FCDE859-4212-4C7E-9835-1713B416F99E}.Release|x86.ActiveCfg = Release|Any CPU
		{9FCDE859-4212-4C7E-9835-1713B416F99E}.Release|x86.Build.0 = Release|Any CPU
		{B1176515-137B-4B4F-93F1-4E298C6D56D9}.Debug|Any CPU.ActiveCfg = Debug|Any CPU
		{B1176515-137B-4B4F-93F1-4E298C6D56D9}.Debug|Any CPU.Build.0 = Debug|Any CPU
		{B1176515-137B-4B4F-93F1-4E298C6D56D9}.Debug|ARM.ActiveCfg = Debug|Any CPU
		{B1176515-137B-4B4F-93F1-4E298C6D56D9}.Debug|ARM.Build.0 = Debug|Any CPU
		{B1176515-137B-4B4F-93F1-4E298C6D56D9}.Debug|x64.ActiveCfg = Debug|Any CPU
		{B1176515-137B-4B4F-93F1-4E298C6D56D9}.Debug|x64.Build.0 = Debug|Any CPU
		{B1176515-137B-4B4F-93F1-4E298C6D56D9}.Debug|x86.ActiveCfg = Debug|Any CPU
		{B1176515-137B-4B4F-93F1-4E298C6D56D9}.Debug|x86.Build.0 = Debug|Any CPU
		{B1176515-137B-4B4F-93F1-4E298C6D56D9}.Release|Any CPU.ActiveCfg = Release|Any CPU
		{B1176515-137B-4B4F-93F1-4E298C6D56D9}.Release|Any CPU.Build.0 = Release|Any CPU
		{B1176515-137B-4B4F-93F1-4E298C6D56D9}.Release|ARM.ActiveCfg = Release|Any CPU
		{B1176515-137B-4B4F-93F1-4E298C6D56D9}.Release|ARM.Build.0 = Release|Any CPU
		{B1176515-137B-4B4F-93F1-4E298C6D56D9}.Release|x64.ActiveCfg = Release|Any CPU
		{B1176515-137B-4B4F-93F1-4E298C6D56D9}.Release|x64.Build.0 = Release|Any CPU
		{B1176515-137B-4B4F-93F1-4E298C6D56D9}.Release|x86.ActiveCfg = Release|Any CPU
		{B1176515-137B-4B4F-93F1-4E298C6D56D9}.Release|x86.Build.0 = Release|Any CPU
		{FDEC1925-9663-48F4-9A16-74F2F052AE58}.Debug|Any CPU.ActiveCfg = Debug|Any CPU
		{FDEC1925-9663-48F4-9A16-74F2F052AE58}.Debug|Any CPU.Build.0 = Debug|Any CPU
		{FDEC1925-9663-48F4-9A16-74F2F052AE58}.Debug|ARM.ActiveCfg = Debug|Any CPU
		{FDEC1925-9663-48F4-9A16-74F2F052AE58}.Debug|ARM.Build.0 = Debug|Any CPU
		{FDEC1925-9663-48F4-9A16-74F2F052AE58}.Debug|x64.ActiveCfg = Debug|Any CPU
		{FDEC1925-9663-48F4-9A16-74F2F052AE58}.Debug|x64.Build.0 = Debug|Any CPU
		{FDEC1925-9663-48F4-9A16-74F2F052AE58}.Debug|x86.ActiveCfg = Debug|Any CPU
		{FDEC1925-9663-48F4-9A16-74F2F052AE58}.Debug|x86.Build.0 = Debug|Any CPU
		{FDEC1925-9663-48F4-9A16-74F2F052AE58}.Release|Any CPU.ActiveCfg = Release|Any CPU
		{FDEC1925-9663-48F4-9A16-74F2F052AE58}.Release|Any CPU.Build.0 = Release|Any CPU
		{FDEC1925-9663-48F4-9A16-74F2F052AE58}.Release|ARM.ActiveCfg = Release|Any CPU
		{FDEC1925-9663-48F4-9A16-74F2F052AE58}.Release|ARM.Build.0 = Release|Any CPU
		{FDEC1925-9663-48F4-9A16-74F2F052AE58}.Release|x64.ActiveCfg = Release|Any CPU
		{FDEC1925-9663-48F4-9A16-74F2F052AE58}.Release|x64.Build.0 = Release|Any CPU
		{FDEC1925-9663-48F4-9A16-74F2F052AE58}.Release|x86.ActiveCfg = Release|Any CPU
		{FDEC1925-9663-48F4-9A16-74F2F052AE58}.Release|x86.Build.0 = Release|Any CPU
		{8E621A74-237A-439A-8D1A-111BDC4CC805}.Debug|Any CPU.ActiveCfg = Debug|Any CPU
		{8E621A74-237A-439A-8D1A-111BDC4CC805}.Debug|Any CPU.Build.0 = Debug|Any CPU
		{8E621A74-237A-439A-8D1A-111BDC4CC805}.Debug|ARM.ActiveCfg = Debug|Any CPU
		{8E621A74-237A-439A-8D1A-111BDC4CC805}.Debug|ARM.Build.0 = Debug|Any CPU
		{8E621A74-237A-439A-8D1A-111BDC4CC805}.Debug|x64.ActiveCfg = Debug|Any CPU
		{8E621A74-237A-439A-8D1A-111BDC4CC805}.Debug|x64.Build.0 = Debug|Any CPU
		{8E621A74-237A-439A-8D1A-111BDC4CC805}.Debug|x86.ActiveCfg = Debug|Any CPU
		{8E621A74-237A-439A-8D1A-111BDC4CC805}.Debug|x86.Build.0 = Debug|Any CPU
		{8E621A74-237A-439A-8D1A-111BDC4CC805}.Release|Any CPU.ActiveCfg = Release|Any CPU
		{8E621A74-237A-439A-8D1A-111BDC4CC805}.Release|Any CPU.Build.0 = Release|Any CPU
		{8E621A74-237A-439A-8D1A-111BDC4CC805}.Release|ARM.ActiveCfg = Release|Any CPU
		{8E621A74-237A-439A-8D1A-111BDC4CC805}.Release|ARM.Build.0 = Release|Any CPU
		{8E621A74-237A-439A-8D1A-111BDC4CC805}.Release|x64.ActiveCfg = Release|Any CPU
		{8E621A74-237A-439A-8D1A-111BDC4CC805}.Release|x64.Build.0 = Release|Any CPU
		{8E621A74-237A-439A-8D1A-111BDC4CC805}.Release|x86.ActiveCfg = Release|Any CPU
		{8E621A74-237A-439A-8D1A-111BDC4CC805}.Release|x86.Build.0 = Release|Any CPU
		{5FFCC0A9-9BD1-4FBA-8907-9A8A68DBB6DD}.Debug|Any CPU.ActiveCfg = Debug|Any CPU
		{5FFCC0A9-9BD1-4FBA-8907-9A8A68DBB6DD}.Debug|Any CPU.Build.0 = Debug|Any CPU
		{5FFCC0A9-9BD1-4FBA-8907-9A8A68DBB6DD}.Debug|ARM.ActiveCfg = Debug|Any CPU
		{5FFCC0A9-9BD1-4FBA-8907-9A8A68DBB6DD}.Debug|ARM.Build.0 = Debug|Any CPU
		{5FFCC0A9-9BD1-4FBA-8907-9A8A68DBB6DD}.Debug|x64.ActiveCfg = Debug|Any CPU
		{5FFCC0A9-9BD1-4FBA-8907-9A8A68DBB6DD}.Debug|x64.Build.0 = Debug|Any CPU
		{5FFCC0A9-9BD1-4FBA-8907-9A8A68DBB6DD}.Debug|x86.ActiveCfg = Debug|Any CPU
		{5FFCC0A9-9BD1-4FBA-8907-9A8A68DBB6DD}.Debug|x86.Build.0 = Debug|Any CPU
		{5FFCC0A9-9BD1-4FBA-8907-9A8A68DBB6DD}.Release|Any CPU.ActiveCfg = Release|Any CPU
		{5FFCC0A9-9BD1-4FBA-8907-9A8A68DBB6DD}.Release|Any CPU.Build.0 = Release|Any CPU
		{5FFCC0A9-9BD1-4FBA-8907-9A8A68DBB6DD}.Release|ARM.ActiveCfg = Release|Any CPU
		{5FFCC0A9-9BD1-4FBA-8907-9A8A68DBB6DD}.Release|ARM.Build.0 = Release|Any CPU
		{5FFCC0A9-9BD1-4FBA-8907-9A8A68DBB6DD}.Release|x64.ActiveCfg = Release|Any CPU
		{5FFCC0A9-9BD1-4FBA-8907-9A8A68DBB6DD}.Release|x64.Build.0 = Release|Any CPU
		{5FFCC0A9-9BD1-4FBA-8907-9A8A68DBB6DD}.Release|x86.ActiveCfg = Release|Any CPU
		{5FFCC0A9-9BD1-4FBA-8907-9A8A68DBB6DD}.Release|x86.Build.0 = Release|Any CPU
		{F173E80B-E36B-48AD-B483-A27F8CA86F3C}.Debug|Any CPU.ActiveCfg = Debug|Any CPU
		{F173E80B-E36B-48AD-B483-A27F8CA86F3C}.Debug|Any CPU.Build.0 = Debug|Any CPU
		{F173E80B-E36B-48AD-B483-A27F8CA86F3C}.Debug|ARM.ActiveCfg = Debug|Any CPU
		{F173E80B-E36B-48AD-B483-A27F8CA86F3C}.Debug|ARM.Build.0 = Debug|Any CPU
		{F173E80B-E36B-48AD-B483-A27F8CA86F3C}.Debug|x64.ActiveCfg = Debug|Any CPU
		{F173E80B-E36B-48AD-B483-A27F8CA86F3C}.Debug|x64.Build.0 = Debug|Any CPU
		{F173E80B-E36B-48AD-B483-A27F8CA86F3C}.Debug|x86.ActiveCfg = Debug|Any CPU
		{F173E80B-E36B-48AD-B483-A27F8CA86F3C}.Debug|x86.Build.0 = Debug|Any CPU
		{F173E80B-E36B-48AD-B483-A27F8CA86F3C}.Release|Any CPU.ActiveCfg = Release|Any CPU
		{F173E80B-E36B-48AD-B483-A27F8CA86F3C}.Release|Any CPU.Build.0 = Release|Any CPU
		{F173E80B-E36B-48AD-B483-A27F8CA86F3C}.Release|ARM.ActiveCfg = Release|Any CPU
		{F173E80B-E36B-48AD-B483-A27F8CA86F3C}.Release|ARM.Build.0 = Release|Any CPU
		{F173E80B-E36B-48AD-B483-A27F8CA86F3C}.Release|x64.ActiveCfg = Release|Any CPU
		{F173E80B-E36B-48AD-B483-A27F8CA86F3C}.Release|x64.Build.0 = Release|Any CPU
		{F173E80B-E36B-48AD-B483-A27F8CA86F3C}.Release|x86.ActiveCfg = Release|Any CPU
		{F173E80B-E36B-48AD-B483-A27F8CA86F3C}.Release|x86.Build.0 = Release|Any CPU
		{F1259344-1A0C-4B0D-9781-398C3AA6AA2C}.Debug|Any CPU.ActiveCfg = Debug|Any CPU
		{F1259344-1A0C-4B0D-9781-398C3AA6AA2C}.Debug|Any CPU.Build.0 = Debug|Any CPU
		{F1259344-1A0C-4B0D-9781-398C3AA6AA2C}.Debug|ARM.ActiveCfg = Debug|Any CPU
		{F1259344-1A0C-4B0D-9781-398C3AA6AA2C}.Debug|ARM.Build.0 = Debug|Any CPU
		{F1259344-1A0C-4B0D-9781-398C3AA6AA2C}.Debug|x64.ActiveCfg = Debug|Any CPU
		{F1259344-1A0C-4B0D-9781-398C3AA6AA2C}.Debug|x64.Build.0 = Debug|Any CPU
		{F1259344-1A0C-4B0D-9781-398C3AA6AA2C}.Debug|x86.ActiveCfg = Debug|Any CPU
		{F1259344-1A0C-4B0D-9781-398C3AA6AA2C}.Debug|x86.Build.0 = Debug|Any CPU
		{F1259344-1A0C-4B0D-9781-398C3AA6AA2C}.Release|Any CPU.ActiveCfg = Release|Any CPU
		{F1259344-1A0C-4B0D-9781-398C3AA6AA2C}.Release|Any CPU.Build.0 = Release|Any CPU
		{F1259344-1A0C-4B0D-9781-398C3AA6AA2C}.Release|ARM.ActiveCfg = Release|Any CPU
		{F1259344-1A0C-4B0D-9781-398C3AA6AA2C}.Release|ARM.Build.0 = Release|Any CPU
		{F1259344-1A0C-4B0D-9781-398C3AA6AA2C}.Release|x64.ActiveCfg = Release|Any CPU
		{F1259344-1A0C-4B0D-9781-398C3AA6AA2C}.Release|x64.Build.0 = Release|Any CPU
		{F1259344-1A0C-4B0D-9781-398C3AA6AA2C}.Release|x86.ActiveCfg = Release|Any CPU
		{F1259344-1A0C-4B0D-9781-398C3AA6AA2C}.Release|x86.Build.0 = Release|Any CPU
		{DB10CDD7-0A10-4CE2-946E-9EA573EE0210}.Debug|Any CPU.ActiveCfg = Debug|Any CPU
		{DB10CDD7-0A10-4CE2-946E-9EA573EE0210}.Debug|Any CPU.Build.0 = Debug|Any CPU
		{DB10CDD7-0A10-4CE2-946E-9EA573EE0210}.Debug|ARM.ActiveCfg = Debug|Any CPU
		{DB10CDD7-0A10-4CE2-946E-9EA573EE0210}.Debug|ARM.Build.0 = Debug|Any CPU
		{DB10CDD7-0A10-4CE2-946E-9EA573EE0210}.Debug|x64.ActiveCfg = Debug|Any CPU
		{DB10CDD7-0A10-4CE2-946E-9EA573EE0210}.Debug|x64.Build.0 = Debug|Any CPU
		{DB10CDD7-0A10-4CE2-946E-9EA573EE0210}.Debug|x86.ActiveCfg = Debug|Any CPU
		{DB10CDD7-0A10-4CE2-946E-9EA573EE0210}.Debug|x86.Build.0 = Debug|Any CPU
		{DB10CDD7-0A10-4CE2-946E-9EA573EE0210}.Release|Any CPU.ActiveCfg = Release|Any CPU
		{DB10CDD7-0A10-4CE2-946E-9EA573EE0210}.Release|Any CPU.Build.0 = Release|Any CPU
		{DB10CDD7-0A10-4CE2-946E-9EA573EE0210}.Release|ARM.ActiveCfg = Release|Any CPU
		{DB10CDD7-0A10-4CE2-946E-9EA573EE0210}.Release|ARM.Build.0 = Release|Any CPU
		{DB10CDD7-0A10-4CE2-946E-9EA573EE0210}.Release|x64.ActiveCfg = Release|Any CPU
		{DB10CDD7-0A10-4CE2-946E-9EA573EE0210}.Release|x64.Build.0 = Release|Any CPU
		{DB10CDD7-0A10-4CE2-946E-9EA573EE0210}.Release|x86.ActiveCfg = Release|Any CPU
		{DB10CDD7-0A10-4CE2-946E-9EA573EE0210}.Release|x86.Build.0 = Release|Any CPU
		{C4DA6D88-D40D-4C49-B5BF-0B479424A3B3}.Debug|Any CPU.ActiveCfg = Debug|Any CPU
		{C4DA6D88-D40D-4C49-B5BF-0B479424A3B3}.Debug|Any CPU.Build.0 = Debug|Any CPU
		{C4DA6D88-D40D-4C49-B5BF-0B479424A3B3}.Debug|ARM.ActiveCfg = Debug|Any CPU
		{C4DA6D88-D40D-4C49-B5BF-0B479424A3B3}.Debug|ARM.Build.0 = Debug|Any CPU
		{C4DA6D88-D40D-4C49-B5BF-0B479424A3B3}.Debug|x64.ActiveCfg = Debug|Any CPU
		{C4DA6D88-D40D-4C49-B5BF-0B479424A3B3}.Debug|x64.Build.0 = Debug|Any CPU
		{C4DA6D88-D40D-4C49-B5BF-0B479424A3B3}.Debug|x86.ActiveCfg = Debug|Any CPU
		{C4DA6D88-D40D-4C49-B5BF-0B479424A3B3}.Debug|x86.Build.0 = Debug|Any CPU
		{C4DA6D88-D40D-4C49-B5BF-0B479424A3B3}.Release|Any CPU.ActiveCfg = Release|Any CPU
		{C4DA6D88-D40D-4C49-B5BF-0B479424A3B3}.Release|Any CPU.Build.0 = Release|Any CPU
		{C4DA6D88-D40D-4C49-B5BF-0B479424A3B3}.Release|ARM.ActiveCfg = Release|Any CPU
		{C4DA6D88-D40D-4C49-B5BF-0B479424A3B3}.Release|ARM.Build.0 = Release|Any CPU
		{C4DA6D88-D40D-4C49-B5BF-0B479424A3B3}.Release|x64.ActiveCfg = Release|Any CPU
		{C4DA6D88-D40D-4C49-B5BF-0B479424A3B3}.Release|x64.Build.0 = Release|Any CPU
		{C4DA6D88-D40D-4C49-B5BF-0B479424A3B3}.Release|x86.ActiveCfg = Release|Any CPU
		{C4DA6D88-D40D-4C49-B5BF-0B479424A3B3}.Release|x86.Build.0 = Release|Any CPU
		{7D165481-28C7-4593-B105-5583BC228803}.Debug|Any CPU.ActiveCfg = Debug|Any CPU
		{7D165481-28C7-4593-B105-5583BC228803}.Debug|Any CPU.Build.0 = Debug|Any CPU
		{7D165481-28C7-4593-B105-5583BC228803}.Debug|ARM.ActiveCfg = Debug|Any CPU
		{7D165481-28C7-4593-B105-5583BC228803}.Debug|ARM.Build.0 = Debug|Any CPU
		{7D165481-28C7-4593-B105-5583BC228803}.Debug|x64.ActiveCfg = Debug|Any CPU
		{7D165481-28C7-4593-B105-5583BC228803}.Debug|x64.Build.0 = Debug|Any CPU
		{7D165481-28C7-4593-B105-5583BC228803}.Debug|x86.ActiveCfg = Debug|Any CPU
		{7D165481-28C7-4593-B105-5583BC228803}.Debug|x86.Build.0 = Debug|Any CPU
		{7D165481-28C7-4593-B105-5583BC228803}.Release|Any CPU.ActiveCfg = Release|Any CPU
		{7D165481-28C7-4593-B105-5583BC228803}.Release|Any CPU.Build.0 = Release|Any CPU
		{7D165481-28C7-4593-B105-5583BC228803}.Release|ARM.ActiveCfg = Release|Any CPU
		{7D165481-28C7-4593-B105-5583BC228803}.Release|ARM.Build.0 = Release|Any CPU
		{7D165481-28C7-4593-B105-5583BC228803}.Release|x64.ActiveCfg = Release|Any CPU
		{7D165481-28C7-4593-B105-5583BC228803}.Release|x64.Build.0 = Release|Any CPU
		{7D165481-28C7-4593-B105-5583BC228803}.Release|x86.ActiveCfg = Release|Any CPU
		{7D165481-28C7-4593-B105-5583BC228803}.Release|x86.Build.0 = Release|Any CPU
		{0B3A541A-F267-400C-AFC2-3C0E907723FE}.Debug|Any CPU.ActiveCfg = Debug|Any CPU
		{0B3A541A-F267-400C-AFC2-3C0E907723FE}.Debug|Any CPU.Build.0 = Debug|Any CPU
		{0B3A541A-F267-400C-AFC2-3C0E907723FE}.Debug|ARM.ActiveCfg = Debug|Any CPU
		{0B3A541A-F267-400C-AFC2-3C0E907723FE}.Debug|ARM.Build.0 = Debug|Any CPU
		{0B3A541A-F267-400C-AFC2-3C0E907723FE}.Debug|x64.ActiveCfg = Debug|Any CPU
		{0B3A541A-F267-400C-AFC2-3C0E907723FE}.Debug|x64.Build.0 = Debug|Any CPU
		{0B3A541A-F267-400C-AFC2-3C0E907723FE}.Debug|x86.ActiveCfg = Debug|Any CPU
		{0B3A541A-F267-400C-AFC2-3C0E907723FE}.Debug|x86.Build.0 = Debug|Any CPU
		{0B3A541A-F267-400C-AFC2-3C0E907723FE}.Release|Any CPU.ActiveCfg = Release|Any CPU
		{0B3A541A-F267-400C-AFC2-3C0E907723FE}.Release|Any CPU.Build.0 = Release|Any CPU
		{0B3A541A-F267-400C-AFC2-3C0E907723FE}.Release|ARM.ActiveCfg = Release|Any CPU
		{0B3A541A-F267-400C-AFC2-3C0E907723FE}.Release|ARM.Build.0 = Release|Any CPU
		{0B3A541A-F267-400C-AFC2-3C0E907723FE}.Release|x64.ActiveCfg = Release|Any CPU
		{0B3A541A-F267-400C-AFC2-3C0E907723FE}.Release|x64.Build.0 = Release|Any CPU
		{0B3A541A-F267-400C-AFC2-3C0E907723FE}.Release|x86.ActiveCfg = Release|Any CPU
		{0B3A541A-F267-400C-AFC2-3C0E907723FE}.Release|x86.Build.0 = Release|Any CPU
		{136E6647-B4A0-489D-8E50-D05D7A362E14}.Debug|Any CPU.ActiveCfg = Debug|Any CPU
		{136E6647-B4A0-489D-8E50-D05D7A362E14}.Debug|Any CPU.Build.0 = Debug|Any CPU
		{136E6647-B4A0-489D-8E50-D05D7A362E14}.Debug|ARM.ActiveCfg = Debug|Any CPU
		{136E6647-B4A0-489D-8E50-D05D7A362E14}.Debug|ARM.Build.0 = Debug|Any CPU
		{136E6647-B4A0-489D-8E50-D05D7A362E14}.Debug|x64.ActiveCfg = Debug|Any CPU
		{136E6647-B4A0-489D-8E50-D05D7A362E14}.Debug|x64.Build.0 = Debug|Any CPU
		{136E6647-B4A0-489D-8E50-D05D7A362E14}.Debug|x86.ActiveCfg = Debug|Any CPU
		{136E6647-B4A0-489D-8E50-D05D7A362E14}.Debug|x86.Build.0 = Debug|Any CPU
		{136E6647-B4A0-489D-8E50-D05D7A362E14}.Release|Any CPU.ActiveCfg = Release|Any CPU
		{136E6647-B4A0-489D-8E50-D05D7A362E14}.Release|Any CPU.Build.0 = Release|Any CPU
		{136E6647-B4A0-489D-8E50-D05D7A362E14}.Release|ARM.ActiveCfg = Release|Any CPU
		{136E6647-B4A0-489D-8E50-D05D7A362E14}.Release|ARM.Build.0 = Release|Any CPU
		{136E6647-B4A0-489D-8E50-D05D7A362E14}.Release|x64.ActiveCfg = Release|Any CPU
		{136E6647-B4A0-489D-8E50-D05D7A362E14}.Release|x64.Build.0 = Release|Any CPU
		{136E6647-B4A0-489D-8E50-D05D7A362E14}.Release|x86.ActiveCfg = Release|Any CPU
		{136E6647-B4A0-489D-8E50-D05D7A362E14}.Release|x86.Build.0 = Release|Any CPU
		{668E9ADB-E35A-4330-9740-7A89691A303E}.Debug|Any CPU.ActiveCfg = Debug|Any CPU
		{668E9ADB-E35A-4330-9740-7A89691A303E}.Debug|Any CPU.Build.0 = Debug|Any CPU
		{668E9ADB-E35A-4330-9740-7A89691A303E}.Debug|ARM.ActiveCfg = Debug|Any CPU
		{668E9ADB-E35A-4330-9740-7A89691A303E}.Debug|ARM.Build.0 = Debug|Any CPU
		{668E9ADB-E35A-4330-9740-7A89691A303E}.Debug|x64.ActiveCfg = Debug|Any CPU
		{668E9ADB-E35A-4330-9740-7A89691A303E}.Debug|x64.Build.0 = Debug|Any CPU
		{668E9ADB-E35A-4330-9740-7A89691A303E}.Debug|x86.ActiveCfg = Debug|Any CPU
		{668E9ADB-E35A-4330-9740-7A89691A303E}.Debug|x86.Build.0 = Debug|Any CPU
		{668E9ADB-E35A-4330-9740-7A89691A303E}.Release|Any CPU.ActiveCfg = Release|Any CPU
		{668E9ADB-E35A-4330-9740-7A89691A303E}.Release|Any CPU.Build.0 = Release|Any CPU
		{668E9ADB-E35A-4330-9740-7A89691A303E}.Release|ARM.ActiveCfg = Release|Any CPU
		{668E9ADB-E35A-4330-9740-7A89691A303E}.Release|ARM.Build.0 = Release|Any CPU
		{668E9ADB-E35A-4330-9740-7A89691A303E}.Release|x64.ActiveCfg = Release|Any CPU
		{668E9ADB-E35A-4330-9740-7A89691A303E}.Release|x64.Build.0 = Release|Any CPU
		{668E9ADB-E35A-4330-9740-7A89691A303E}.Release|x86.ActiveCfg = Release|Any CPU
		{668E9ADB-E35A-4330-9740-7A89691A303E}.Release|x86.Build.0 = Release|Any CPU
		{DD0FD094-E1FB-4884-ACFB-9F8E808C3980}.Debug|Any CPU.ActiveCfg = Debug|Any CPU
		{DD0FD094-E1FB-4884-ACFB-9F8E808C3980}.Debug|Any CPU.Build.0 = Debug|Any CPU
		{DD0FD094-E1FB-4884-ACFB-9F8E808C3980}.Debug|ARM.ActiveCfg = Debug|Any CPU
		{DD0FD094-E1FB-4884-ACFB-9F8E808C3980}.Debug|ARM.Build.0 = Debug|Any CPU
		{DD0FD094-E1FB-4884-ACFB-9F8E808C3980}.Debug|x64.ActiveCfg = Debug|Any CPU
		{DD0FD094-E1FB-4884-ACFB-9F8E808C3980}.Debug|x64.Build.0 = Debug|Any CPU
		{DD0FD094-E1FB-4884-ACFB-9F8E808C3980}.Debug|x86.ActiveCfg = Debug|Any CPU
		{DD0FD094-E1FB-4884-ACFB-9F8E808C3980}.Debug|x86.Build.0 = Debug|Any CPU
		{DD0FD094-E1FB-4884-ACFB-9F8E808C3980}.Release|Any CPU.ActiveCfg = Release|Any CPU
		{DD0FD094-E1FB-4884-ACFB-9F8E808C3980}.Release|Any CPU.Build.0 = Release|Any CPU
		{DD0FD094-E1FB-4884-ACFB-9F8E808C3980}.Release|ARM.ActiveCfg = Release|Any CPU
		{DD0FD094-E1FB-4884-ACFB-9F8E808C3980}.Release|ARM.Build.0 = Release|Any CPU
		{DD0FD094-E1FB-4884-ACFB-9F8E808C3980}.Release|x64.ActiveCfg = Release|Any CPU
		{DD0FD094-E1FB-4884-ACFB-9F8E808C3980}.Release|x64.Build.0 = Release|Any CPU
		{DD0FD094-E1FB-4884-ACFB-9F8E808C3980}.Release|x86.ActiveCfg = Release|Any CPU
		{DD0FD094-E1FB-4884-ACFB-9F8E808C3980}.Release|x86.Build.0 = Release|Any CPU
		{B605BD21-528B-494A-A5E6-2DC7D533A9A9}.Debug|Any CPU.ActiveCfg = Debug|Any CPU
		{B605BD21-528B-494A-A5E6-2DC7D533A9A9}.Debug|Any CPU.Build.0 = Debug|Any CPU
		{B605BD21-528B-494A-A5E6-2DC7D533A9A9}.Debug|ARM.ActiveCfg = Debug|Any CPU
		{B605BD21-528B-494A-A5E6-2DC7D533A9A9}.Debug|ARM.Build.0 = Debug|Any CPU
		{B605BD21-528B-494A-A5E6-2DC7D533A9A9}.Debug|x64.ActiveCfg = Debug|Any CPU
		{B605BD21-528B-494A-A5E6-2DC7D533A9A9}.Debug|x64.Build.0 = Debug|Any CPU
		{B605BD21-528B-494A-A5E6-2DC7D533A9A9}.Debug|x86.ActiveCfg = Debug|Any CPU
		{B605BD21-528B-494A-A5E6-2DC7D533A9A9}.Debug|x86.Build.0 = Debug|Any CPU
		{B605BD21-528B-494A-A5E6-2DC7D533A9A9}.Release|Any CPU.ActiveCfg = Release|Any CPU
		{B605BD21-528B-494A-A5E6-2DC7D533A9A9}.Release|Any CPU.Build.0 = Release|Any CPU
		{B605BD21-528B-494A-A5E6-2DC7D533A9A9}.Release|ARM.ActiveCfg = Release|Any CPU
		{B605BD21-528B-494A-A5E6-2DC7D533A9A9}.Release|ARM.Build.0 = Release|Any CPU
		{B605BD21-528B-494A-A5E6-2DC7D533A9A9}.Release|x64.ActiveCfg = Release|Any CPU
		{B605BD21-528B-494A-A5E6-2DC7D533A9A9}.Release|x64.Build.0 = Release|Any CPU
		{B605BD21-528B-494A-A5E6-2DC7D533A9A9}.Release|x86.ActiveCfg = Release|Any CPU
		{B605BD21-528B-494A-A5E6-2DC7D533A9A9}.Release|x86.Build.0 = Release|Any CPU
		{69F756EE-5CC7-45D8-B9AC-300F2C67D3EE}.Debug|Any CPU.ActiveCfg = Debug|Any CPU
		{69F756EE-5CC7-45D8-B9AC-300F2C67D3EE}.Debug|Any CPU.Build.0 = Debug|Any CPU
		{69F756EE-5CC7-45D8-B9AC-300F2C67D3EE}.Debug|ARM.ActiveCfg = Debug|Any CPU
		{69F756EE-5CC7-45D8-B9AC-300F2C67D3EE}.Debug|ARM.Build.0 = Debug|Any CPU
		{69F756EE-5CC7-45D8-B9AC-300F2C67D3EE}.Debug|x64.ActiveCfg = Debug|Any CPU
		{69F756EE-5CC7-45D8-B9AC-300F2C67D3EE}.Debug|x64.Build.0 = Debug|Any CPU
		{69F756EE-5CC7-45D8-B9AC-300F2C67D3EE}.Debug|x86.ActiveCfg = Debug|Any CPU
		{69F756EE-5CC7-45D8-B9AC-300F2C67D3EE}.Debug|x86.Build.0 = Debug|Any CPU
		{69F756EE-5CC7-45D8-B9AC-300F2C67D3EE}.Release|Any CPU.ActiveCfg = Release|Any CPU
		{69F756EE-5CC7-45D8-B9AC-300F2C67D3EE}.Release|Any CPU.Build.0 = Release|Any CPU
		{69F756EE-5CC7-45D8-B9AC-300F2C67D3EE}.Release|ARM.ActiveCfg = Release|Any CPU
		{69F756EE-5CC7-45D8-B9AC-300F2C67D3EE}.Release|ARM.Build.0 = Release|Any CPU
		{69F756EE-5CC7-45D8-B9AC-300F2C67D3EE}.Release|x64.ActiveCfg = Release|Any CPU
		{69F756EE-5CC7-45D8-B9AC-300F2C67D3EE}.Release|x64.Build.0 = Release|Any CPU
		{69F756EE-5CC7-45D8-B9AC-300F2C67D3EE}.Release|x86.ActiveCfg = Release|Any CPU
		{69F756EE-5CC7-45D8-B9AC-300F2C67D3EE}.Release|x86.Build.0 = Release|Any CPU
		{A45FC532-E8DA-4A9B-B8AA-43D705FD86F3}.Debug|Any CPU.ActiveCfg = Debug|Any CPU
		{A45FC532-E8DA-4A9B-B8AA-43D705FD86F3}.Debug|Any CPU.Build.0 = Debug|Any CPU
		{A45FC532-E8DA-4A9B-B8AA-43D705FD86F3}.Debug|ARM.ActiveCfg = Debug|Any CPU
		{A45FC532-E8DA-4A9B-B8AA-43D705FD86F3}.Debug|ARM.Build.0 = Debug|Any CPU
		{A45FC532-E8DA-4A9B-B8AA-43D705FD86F3}.Debug|x64.ActiveCfg = Debug|Any CPU
		{A45FC532-E8DA-4A9B-B8AA-43D705FD86F3}.Debug|x64.Build.0 = Debug|Any CPU
		{A45FC532-E8DA-4A9B-B8AA-43D705FD86F3}.Debug|x86.ActiveCfg = Debug|Any CPU
		{A45FC532-E8DA-4A9B-B8AA-43D705FD86F3}.Debug|x86.Build.0 = Debug|Any CPU
		{A45FC532-E8DA-4A9B-B8AA-43D705FD86F3}.Release|Any CPU.ActiveCfg = Release|Any CPU
		{A45FC532-E8DA-4A9B-B8AA-43D705FD86F3}.Release|Any CPU.Build.0 = Release|Any CPU
		{A45FC532-E8DA-4A9B-B8AA-43D705FD86F3}.Release|ARM.ActiveCfg = Release|Any CPU
		{A45FC532-E8DA-4A9B-B8AA-43D705FD86F3}.Release|ARM.Build.0 = Release|Any CPU
		{A45FC532-E8DA-4A9B-B8AA-43D705FD86F3}.Release|x64.ActiveCfg = Release|Any CPU
		{A45FC532-E8DA-4A9B-B8AA-43D705FD86F3}.Release|x64.Build.0 = Release|Any CPU
		{A45FC532-E8DA-4A9B-B8AA-43D705FD86F3}.Release|x86.ActiveCfg = Release|Any CPU
		{A45FC532-E8DA-4A9B-B8AA-43D705FD86F3}.Release|x86.Build.0 = Release|Any CPU
	EndGlobalSection
	GlobalSection(SolutionProperties) = preSolution
		HideSolutionNode = FALSE
	EndGlobalSection
	GlobalSection(ExtensibilityGlobals) = postSolution
		SolutionGuid = {92FDF6CF-2729-433C-A23F-4DDB8381C4FD}
	EndGlobalSection
	GlobalSection(TeamFoundationVersionControl) = preSolution
		SccNumberOfProjects = 31
		SccEnterpriseProvider = {4CA58AB2-18FA-4F8D-95D4-32DDF27D184C}
		SccTeamFoundationServer = https://lucianosilva.visualstudio.com/
		SccLocalPath0 = .
		SccProjectUniqueName1 = Projetos\\NfesEnterface\\SoftFin.NFSe.PrefeituraSaoPaulo.csproj
		SccProjectName1 = Projetos/NfesEnterface
		SccLocalPath1 = Projetos\\NfesEnterface
		SccProjectUniqueName2 = Projetos\\SoftFin.Adianta.Testes\\SoftFin.Adianta.Testes.csproj
		SccProjectName2 = Projetos/SoftFin.Adianta.Testes
		SccLocalPath2 = Projetos\\SoftFin.Adianta.Testes
		SccProjectUniqueName3 = Projetos\\SoftFin.Adianta\\SoftFin.Adianta.csproj
		SccProjectName3 = Projetos/SoftFin.Adianta
		SccLocalPath3 = Projetos\\SoftFin.Adianta
		SccProjectUniqueName4 = Projetos\\SoftFin.API\\SoftFin.API.csproj
		SccProjectName4 = Projetos/SoftFin.API
		SccLocalPath4 = Projetos\\SoftFin.API
		SccProjectUniqueName5 = Projetos\\SoftFin.Cognitive\\SoftFin.Cognitive.csproj
		SccProjectName5 = Projetos/SoftFin.Cognitive
		SccLocalPath5 = Projetos\\SoftFin.Cognitive
		SccProjectUniqueName6 = Projetos\\SoftFin.NFe.Business\\SoftFin.NFe.Business.csproj
		SccProjectName6 = Projetos/SoftFin.NFe.Business
		SccLocalPath6 = Projetos\\SoftFin.NFe.Business
		SccProjectUniqueName7 = Projetos\\SoftFin.NFe.DTO\\SoftFin.NFe.DTO.csproj
		SccProjectName7 = Projetos/SoftFin.NFe.DTO
		SccLocalPath7 = Projetos\\SoftFin.NFe.DTO
		SccProjectUniqueName8 = Projetos\\SoftFin.NFSe.Bus\\SoftFin.NFSe.Business.csproj
		SccProjectName8 = Projetos/SoftFin.NFSe.Bus
		SccLocalPath8 = Projetos\\SoftFin.NFSe.Bus
		SccProjectUniqueName9 = Projetos\\SoftFin.NFSe.DTO\\SoftFin.NFSe.DTO.csproj
		SccProjectName9 = Projetos/SoftFin.NFSe.DTO
		SccLocalPath9 = Projetos\\SoftFin.NFSe.DTO
		SccProjectUniqueName10 = Projetos\\SoftFin.NFSe.Guarulhos\\SoftFin.NFSe.Guarulhos.csproj
		SccProjectName10 = Projetos/SoftFin.NFSe.Guarulhos
		SccLocalPath10 = Projetos\\SoftFin.NFSe.Guarulhos
		SccProjectUniqueName11 = Projetos\\SoftFin.SefazSP\\SoftFin.Sefaz.csproj
		SccProjectName11 = Projetos/SoftFin.SefazSP
		SccLocalPath11 = Projetos\\SoftFin.SefazSP
		SccProjectUniqueName12 = Projetos\\SoftFin.Utils\\SoftFin.Utils.csproj
		SccProjectName12 = Projetos/SoftFin.Utils
		SccLocalPath12 = Projetos\\SoftFin.Utils
		SccProjectUniqueName13 = Projetos\\SoftFin.Vindi.Testes\\SoftFin.Vindi.Testes.csproj
		SccProjectName13 = Projetos/SoftFin.Vindi.Testes
		SccLocalPath13 = Projetos\\SoftFin.Vindi.Testes
		SccProjectUniqueName14 = Projetos\\Softfin.Vindi\\SoftFin.Vindi.csproj
		SccProjectName14 = Projetos/Softfin.Vindi
		SccLocalPath14 = Projetos\\Softfin.Vindi
		SccProjectUniqueName15 = SoftFin.Web\\SoftFin.Web.csproj
		SccProjectName15 = SoftFin.Web
		SccLocalPath15 = SoftFin.Web
		SccProjectUniqueName16 = Projetos\\SoftFin.GestorProcessos\\SoftFin.GestorProcessos.csproj
		SccProjectName16 = Projetos/SoftFin.GestorProcessos
		SccLocalPath16 = Projetos\\SoftFin.GestorProcessos
		SccProjectUniqueName17 = Projetos\\SoftFin.GestorProcessos.Comum\\SoftFin.GestorProcessos.Comum.csproj
		SccProjectName17 = Projetos/SoftFin.GestorProcessos.Comum
		SccLocalPath17 = Projetos\\SoftFin.GestorProcessos.Comum
		SccProjectUniqueName18 = Projetos\\SoftFin.POC.ConforLab\\SoftFin.POC.ConforLab.csproj
		SccProjectName18 = Projetos/SoftFin.POC.ConforLab
		SccLocalPath18 = Projetos\\SoftFin.POC.ConforLab
		SccProjectUniqueName19 = Boleto\\Boleto.Net\\Boleto.Net.csproj
		SccProjectName19 = Boleto/Boleto.Net
		SccLocalPath19 = Boleto\\Boleto.Net
		SccProjectUniqueName20 = Projetos\\SoftFin.MyLIMS.Integracao\\SoftFin.MyLIMS.Integracao.csproj
		SccProjectName20 = Projetos/SoftFin.MyLIMS.Integracao
		SccLocalPath20 = Projetos\\SoftFin.MyLIMS.Integracao
		SccProjectUniqueName21 = SoftFin.MyLIMS.Integracao.Tests\\SoftFin.MyLIMS.Integracao.Tests.csproj
		SccProjectName21 = SoftFin.MyLIMS.Integracao.Tests
		SccLocalPath21 = SoftFin.MyLIMS.Integracao.Tests
		SccProjectUniqueName22 = Projetos\\SoftFin.API.DTO\\SoftFin.API.DTO.csproj
		SccProjectName22 = Projetos/SoftFin.API.DTO
		SccLocalPath22 = Projetos\\SoftFin.API.DTO
		SccProjectUniqueName23 = SoftFin.Infrastructure\\SoftFin.Infrastructure.csproj
		SccProjectName23 = SoftFin.Infrastructure
		SccLocalPath23 = SoftFin.Infrastructure
		SccProjectUniqueName24 = Projetos\\SoftFin.Infrastructure.Comum\\SoftFin.Infrastructure.Comum.csproj
		SccProjectName24 = Projetos/SoftFin.Infrastructure.Comum
		SccLocalPath24 = Projetos\\SoftFin.Infrastructure.Comum
		SccProjectUniqueName25 = Projetos\\SoftFin.Migrate.NFSe.DTO\\SoftFin.Migrate.NFSe.DTO.csproj
		SccProjectName25 = Projetos/SoftFin.Migrate.NFSe.DTO
		SccLocalPath25 = Projetos\\SoftFin.Migrate.NFSe.DTO
		SccProjectUniqueName26 = Projetos\\SoftFin.Migrate.NFSe.WebService\\SoftFin.Migrate.NFSe.WebService.csproj
		SccProjectName26 = Projetos/SoftFin.Migrate.NFSe.WebService
		SccLocalPath26 = Projetos\\SoftFin.Migrate.NFSe.WebService
		SccProjectUniqueName27 = Projetos\\SoftFin.Migrate.NFSe.Business\\SoftFin.Migrate.NFSe.Business.csproj
		SccProjectName27 = Projetos/SoftFin.Migrate.NFSe.Business
		SccLocalPath27 = Projetos\\SoftFin.Migrate.NFSe.Business
		SccProjectUniqueName28 = Projetos\\SoftFin.Migrate.NFe.Business\\SoftFin.Migrate.NFe.Business.csproj
		SccProjectName28 = Projetos/SoftFin.Migrate.NFe.Business
		SccLocalPath28 = Projetos\\SoftFin.Migrate.NFe.Business
		SccProjectUniqueName29 = Projetos\\SoftFin.Migrate.NFe.DTO\\SoftFin.Migrate.NFe.DTO.csproj
		SccProjectName29 = Projetos/SoftFin.Migrate.NFe.DTO
		SccLocalPath29 = Projetos\\SoftFin.Migrate.NFe.DTO
		SccProjectUniqueName30 = Projetos\\SoftFin.Migrate.NFe.WebService\\SoftFin.Migrate.NFe.WebService.csproj
		SccProjectName30 = Projetos/SoftFin.Migrate.NFe.WebService
		SccLocalPath30 = Projetos\\SoftFin.Migrate.NFe.WebService
	EndGlobalSection
EndGlobal
